// !$*UTF8*$!
{
	archiveVersion = 1;
	classes = {
	};
	objectVersion = 50;
	objects = {

/* Begin PBXBuildFile section */
		D7FA5572264325180094B872 /* FriendsViewController.swift in Sources */ = {isa = PBXBuildFile; fileRef = D7FA5571264325180094B872 /* FriendsViewController.swift */; };
		D7FA557E264331970094B872 /* FriendCell.swift in Sources */ = {isa = PBXBuildFile; fileRef = D7FA557D264331970094B872 /* FriendCell.swift */; };
		D7FC2E4E264098990046A3DB /* AppDelegate.swift in Sources */ = {isa = PBXBuildFile; fileRef = D7FC2E4D264098990046A3DB /* AppDelegate.swift */; };
		D7FC2E50264098990046A3DB /* SceneDelegate.swift in Sources */ = {isa = PBXBuildFile; fileRef = D7FC2E4F264098990046A3DB /* SceneDelegate.swift */; };
		D7FC2E552640989A0046A3DB /* Main.storyboard in Resources */ = {isa = PBXBuildFile; fileRef = D7FC2E532640989A0046A3DB /* Main.storyboard */; };
		D7FC2E572640989B0046A3DB /* Assets.xcassets in Resources */ = {isa = PBXBuildFile; fileRef = D7FC2E562640989B0046A3DB /* Assets.xcassets */; };
		D7FC2E5A2640989B0046A3DB /* LaunchScreen.storyboard in Resources */ = {isa = PBXBuildFile; fileRef = D7FC2E582640989B0046A3DB /* LaunchScreen.storyboard */; };
		D7FC2E6926409ED90046A3DB /* MainViewController.swift in Sources */ = {isa = PBXBuildFile; fileRef = D7FC2E6826409ED90046A3DB /* MainViewController.swift */; };
		D7FC2E6C2640A1F80046A3DB /* UserActionCell.swift in Sources */ = {isa = PBXBuildFile; fileRef = D7FC2E6B2640A1F80046A3DB /* UserActionCell.swift */; };
		D7FC2E72264139530046A3DB /* Friend.swift in Sources */ = {isa = PBXBuildFile; fileRef = D7FC2E71264139530046A3DB /* Friend.swift */; };
		D7FC2E7B264146FE0046A3DB /* NetworkManager.swift in Sources */ = {isa = PBXBuildFile; fileRef = D7FC2E7A264146FE0046A3DB /* NetworkManager.swift */; };
/* End PBXBuildFile section */

/* Begin PBXFileReference section */
		D7FA5571264325180094B872 /* FriendsViewController.swift */ = {isa = PBXFileReference; lastKnownFileType = sourcecode.swift; name = FriendsViewController.swift; path = SwiftNetwork/ViewControllers/FriendsViewController.swift; sourceTree = SOURCE_ROOT; };
		D7FA557D264331970094B872 /* FriendCell.swift */ = {isa = PBXFileReference; lastKnownFileType = sourcecode.swift; path = FriendCell.swift; sourceTree = "<group>"; };
		D7FC2E4A264098990046A3DB /* SwiftNetwork.app */ = {isa = PBXFileReference; explicitFileType = wrapper.application; includeInIndex = 0; path = SwiftNetwork.app; sourceTree = BUILT_PRODUCTS_DIR; };
		D7FC2E4D264098990046A3DB /* AppDelegate.swift */ = {isa = PBXFileReference; lastKnownFileType = sourcecode.swift; path = AppDelegate.swift; sourceTree = "<group>"; };
		D7FC2E4F264098990046A3DB /* SceneDelegate.swift */ = {isa = PBXFileReference; lastKnownFileType = sourcecode.swift; path = SceneDelegate.swift; sourceTree = "<group>"; };
		D7FC2E542640989A0046A3DB /* Base */ = {isa = PBXFileReference; lastKnownFileType = file.storyboard; name = Base; path = Base.lproj/Main.storyboard; sourceTree = "<group>"; };
		D7FC2E562640989B0046A3DB /* Assets.xcassets */ = {isa = PBXFileReference; lastKnownFileType = folder.assetcatalog; path = Assets.xcassets; sourceTree = "<group>"; };
		D7FC2E592640989B0046A3DB /* Base */ = {isa = PBXFileReference; lastKnownFileType = file.storyboard; name = Base; path = Base.lproj/LaunchScreen.storyboard; sourceTree = "<group>"; };
		D7FC2E5B2640989B0046A3DB /* Info.plist */ = {isa = PBXFileReference; lastKnownFileType = text.plist.xml; path = Info.plist; sourceTree = "<group>"; };
		D7FC2E6826409ED90046A3DB /* MainViewController.swift */ = {isa = PBXFileReference; lastKnownFileType = sourcecode.swift; path = MainViewController.swift; sourceTree = "<group>"; };
		D7FC2E6B2640A1F80046A3DB /* UserActionCell.swift */ = {isa = PBXFileReference; lastKnownFileType = sourcecode.swift; path = UserActionCell.swift; sourceTree = "<group>"; };
		D7FC2E71264139530046A3DB /* Friend.swift */ = {isa = PBXFileReference; lastKnownFileType = sourcecode.swift; path = Friend.swift; sourceTree = "<group>"; };
		D7FC2E7A264146FE0046A3DB /* NetworkManager.swift */ = {isa = PBXFileReference; lastKnownFileType = sourcecode.swift; path = NetworkManager.swift; sourceTree = "<group>"; };
/* End PBXFileReference section */

/* Begin PBXFrameworksBuildPhase section */
		D7FC2E47264098990046A3DB /* Frameworks */ = {
			isa = PBXFrameworksBuildPhase;
			buildActionMask = 2147483647;
			files = (
			);
			runOnlyForDeploymentPostprocessing = 0;
		};
/* End PBXFrameworksBuildPhase section */

/* Begin PBXGroup section */
		D7FC2E41264098990046A3DB = {
			isa = PBXGroup;
			children = (
				D7FC2E4C264098990046A3DB /* SwiftNetwork */,
				D7FC2E4B264098990046A3DB /* Products */,
			);
			sourceTree = "<group>";
		};
		D7FC2E4B264098990046A3DB /* Products */ = {
			isa = PBXGroup;
			children = (
				D7FC2E4A264098990046A3DB /* SwiftNetwork.app */,
			);
			name = Products;
			sourceTree = "<group>";
		};
		D7FC2E4C264098990046A3DB /* SwiftNetwork */ = {
			isa = PBXGroup;
			children = (
				D7FC2E7426413A7C0046A3DB /* Managers */,
				D7FC2E70264139260046A3DB /* Storyboards */,
				D7FC2E6F2641391E0046A3DB /* ViewControllers */,
				D7FC2E6E264139160046A3DB /* Models */,
				D7FC2E4D264098990046A3DB /* AppDelegate.swift */,
				D7FC2E4F264098990046A3DB /* SceneDelegate.swift */,
				D7FC2E562640989B0046A3DB /* Assets.xcassets */,
				D7FC2E5B2640989B0046A3DB /* Info.plist */,
			);
			path = SwiftNetwork;
			sourceTree = "<group>";
		};
		D7FC2E6E264139160046A3DB /* Models */ = {
			isa = PBXGroup;
			children = (
				D7FC2E71264139530046A3DB /* Friend.swift */,
			);
			path = Models;
			sourceTree = "<group>";
		};
		D7FC2E6F2641391E0046A3DB /* ViewControllers */ = {
			isa = PBXGroup;
			children = (
				D7FA5571264325180094B872 /* FriendsViewController.swift */,
				D7FC2E6826409ED90046A3DB /* MainViewController.swift */,
				D7FC2E6B2640A1F80046A3DB /* UserActionCell.swift */,
				D7FA557D264331970094B872 /* FriendCell.swift */,
			);
			path = ViewControllers;
			sourceTree = "<group>";
		};
		D7FC2E70264139260046A3DB /* Storyboards */ = {
			isa = PBXGroup;
			children = (
				D7FC2E532640989A0046A3DB /* Main.storyboard */,
				D7FC2E582640989B0046A3DB /* LaunchScreen.storyboard */,
			);
			path = Storyboards;
			sourceTree = "<group>";
		};
		D7FC2E7426413A7C0046A3DB /* Managers */ = {
			isa = PBXGroup;
			children = (
				D7FC2E7A264146FE0046A3DB /* NetworkManager.swift */,
			);
			path = Managers;
			sourceTree = "<group>";
		};
/* End PBXGroup section */

/* Begin PBXNativeTarget section */
		D7FC2E49264098990046A3DB /* SwiftNetwork */ = {
			isa = PBXNativeTarget;
			buildConfigurationList = D7FC2E5E2640989B0046A3DB /* Build configuration list for PBXNativeTarget "SwiftNetwork" */;
			buildPhases = (
				D7FC2E46264098990046A3DB /* Sources */,
				D7FC2E47264098990046A3DB /* Frameworks */,
				D7FC2E48264098990046A3DB /* Resources */,
			);
			buildRules = (
			);
			dependencies = (
			);
			name = SwiftNetwork;
			productName = SwiftNetwork;
			productReference = D7FC2E4A264098990046A3DB /* SwiftNetwork.app */;
			productType = "com.apple.product-type.application";
		};
/* End PBXNativeTarget section */

/* Begin PBXProject section */
		D7FC2E42264098990046A3DB /* Project object */ = {
			isa = PBXProject;
			attributes = {
				LastSwiftUpdateCheck = 1240;
				LastUpgradeCheck = 1240;
				TargetAttributes = {
					D7FC2E49264098990046A3DB = {
						CreatedOnToolsVersion = 12.4;
					};
				};
			};
			buildConfigurationList = D7FC2E45264098990046A3DB /* Build configuration list for PBXProject "SwiftNetwork" */;
			compatibilityVersion = "Xcode 9.3";
			developmentRegion = en;
			hasScannedForEncodings = 0;
			knownRegions = (
				en,
				Base,
			);
			mainGroup = D7FC2E41264098990046A3DB;
			productRefGroup = D7FC2E4B264098990046A3DB /* Products */;
			projectDirPath = "";
			projectRoot = "";
			targets = (
				D7FC2E49264098990046A3DB /* SwiftNetwork */,
			);
		};
/* End PBXProject section */

/* Begin PBXResourcesBuildPhase section */
		D7FC2E48264098990046A3DB /* Resources */ = {
			isa = PBXResourcesBuildPhase;
			buildActionMask = 2147483647;
			files = (
				D7FC2E5A2640989B0046A3DB /* LaunchScreen.storyboard in Resources */,
				D7FC2E572640989B0046A3DB /* Assets.xcassets in Resources */,
				D7FC2E552640989A0046A3DB /* Main.storyboard in Resources */,
			);
			runOnlyForDeploymentPostprocessing = 0;
		};
/* End PBXResourcesBuildPhase section */

/* Begin PBXSourcesBuildPhase section */
		D7FC2E46264098990046A3DB /* Sources */ = {
			isa = PBXSourcesBuildPhase;
			buildActionMask = 2147483647;
			files = (
				D7FC2E6C2640A1F80046A3DB /* UserActionCell.swift in Sources */,
				D7FC2E6926409ED90046A3DB /* MainViewController.swift in Sources */,
				D7FC2E7B264146FE0046A3DB /* NetworkManager.swift in Sources */,
				D7FA557E264331970094B872 /* FriendCell.swift in Sources */,
				D7FC2E72264139530046A3DB /* Friend.swift in Sources */,
				D7FA5572264325180094B872 /* FriendsViewController.swift in Sources */,
				D7FC2E4E264098990046A3DB /* AppDelegate.swift in Sources */,
				D7FC2E50264098990046A3DB /* SceneDelegate.swift in Sources */,
			);
			runOnlyForDeploymentPostprocessing = 0;
		};
/* End PBXSourcesBuildPhase section */

/* Begin PBXVariantGroup section */
		D7FC2E532640989A0046A3DB /* Main.storyboard */ = {
			isa = PBXVariantGroup;
			children = (
				D7FC2E542640989A0046A3DB /* Base */,
			);
			name = Main.storyboard;
			sourceTree = "<group>";
		};
		D7FC2E582640989B0046A3DB /* LaunchScreen.storyboard */ = {
			isa = PBXVariantGroup;
			children = (
				D7FC2E592640989B0046A3DB /* Base */,
			);
			name = LaunchScreen.storyboard;
			sourceTree = "<group>";
		};
/* End PBXVariantGroup section */

/* Begin XCBuildConfiguration section */
		D7FC2E5C2640989B0046A3DB /* Debug */ = {
			isa = XCBuildConfiguration;
			buildSettings = {
				ALWAYS_SEARCH_USER_PATHS = NO;
				CLANG_ANALYZER_NONNULL = YES;
				CLANG_ANALYZER_NUMBER_OBJECT_CONVERSION = YES_AGGRESSIVE;
				CLANG_CXX_LANGUAGE_STANDARD = "gnu++14";
				CLANG_CXX_LIBRARY = "libc++";
				CLANG_ENABLE_MODULES = YES;
				CLANG_ENABLE_OBJC_ARC = YES;
				CLANG_ENABLE_OBJC_WEAK = YES;
				CLANG_WARN_BLOCK_CAPTURE_AUTORELEASING = YES;
				CLANG_WARN_BOOL_CONVERSION = YES;
				CLANG_WARN_COMMA = YES;
				CLANG_WARN_CONSTANT_CONVERSION = YES;
				CLANG_WARN_DEPRECATED_OBJC_IMPLEMENTATIONS = YES;
				CLANG_WARN_DIRECT_OBJC_ISA_USAGE = YES_ERROR;
				CLANG_WARN_DOCUMENTATION_COMMENTS = YES;
				CLANG_WARN_EMPTY_BODY = YES;
				CLANG_WARN_ENUM_CONVERSION = YES;
				CLANG_WARN_INFINITE_RECURSION = YES;
				CLANG_WARN_INT_CONVERSION = YES;
				CLANG_WARN_NON_LITERAL_NULL_CONVERSION = YES;
				CLANG_WARN_OBJC_IMPLICIT_RETAIN_SELF = YES;
				CLANG_WARN_OBJC_LITERAL_CONVERSION = YES;
				CLANG_WARN_OBJC_ROOT_CLASS = YES_ERROR;
				CLANG_WARN_QUOTED_INCLUDE_IN_FRAMEWORK_HEADER = YES;
				CLANG_WARN_RANGE_LOOP_ANALYSIS = YES;
				CLANG_WARN_STRICT_PROTOTYPES = YES;
				CLANG_WARN_SUSPICIOUS_MOVE = YES;
				CLANG_WARN_UNGUARDED_AVAILABILITY = YES_AGGRESSIVE;
				CLANG_WARN_UNREACHABLE_CODE = YES;
				CLANG_WARN__DUPLICATE_METHOD_MATCH = YES;
				COPY_PHASE_STRIP = NO;
				DEBUG_INFORMATION_FORMAT = dwarf;
				ENABLE_STRICT_OBJC_MSGSEND = YES;
				ENABLE_TESTABILITY = YES;
				GCC_C_LANGUAGE_STANDARD = gnu11;
				GCC_DYNAMIC_NO_PIC = NO;
				GCC_NO_COMMON_BLOCKS = YES;
				GCC_OPTIMIZATION_LEVEL = 0;
				GCC_PREPROCESSOR_DEFINITIONS = (
					"DEBUG=1",
					"$(inherited)",
				);
				GCC_WARN_64_TO_32_BIT_CONVERSION = YES;
				GCC_WARN_ABOUT_RETURN_TYPE = YES_ERROR;
				GCC_WARN_UNDECLARED_SELECTOR = YES;
				GCC_WARN_UNINITIALIZED_AUTOS = YES_AGGRESSIVE;
				GCC_WARN_UNUSED_FUNCTION = YES;
				GCC_WARN_UNUSED_VARIABLE = YES;
				IPHONEOS_DEPLOYMENT_TARGET = 14.4;
				MTL_ENABLE_DEBUG_INFO = INCLUDE_SOURCE;
				MTL_FAST_MATH = YES;
				ONLY_ACTIVE_ARCH = YES;
				SDKROOT = iphoneos;
				SWIFT_ACTIVE_COMPILATION_CONDITIONS = DEBUG;
				SWIFT_OPTIMIZATION_LEVEL = "-Onone";
			};
			name = Debug;
		};
		D7FC2E5D2640989B0046A3DB /* Release */ = {
			isa = XCBuildConfiguration;
			buildSettings = {
				ALWAYS_SEARCH_USER_PATHS = NO;
				CLANG_ANALYZER_NONNULL = YES;
				CLANG_ANALYZER_NUMBER_OBJECT_CONVERSION = YES_AGGRESSIVE;
				CLANG_CXX_LANGUAGE_STANDARD = "gnu++14";
				CLANG_CXX_LIBRARY = "libc++";
				CLANG_ENABLE_MODULES = YES;
				CLANG_ENABLE_OBJC_ARC = YES;
				CLANG_ENABLE_OBJC_WEAK = YES;
				CLANG_WARN_BLOCK_CAPTURE_AUTORELEASING = YES;
				CLANG_WARN_BOOL_CONVERSION = YES;
				CLANG_WARN_COMMA = YES;
				CLANG_WARN_CONSTANT_CONVERSION = YES;
				CLANG_WARN_DEPRECATED_OBJC_IMPLEMENTATIONS = YES;
				CLANG_WARN_DIRECT_OBJC_ISA_USAGE = YES_ERROR;
				CLANG_WARN_DOCUMENTATION_COMMENTS = YES;
				CLANG_WARN_EMPTY_BODY = YES;
				CLANG_WARN_ENUM_CONVERSION = YES;
				CLANG_WARN_INFINITE_RECURSION = YES;
				CLANG_WARN_INT_CONVERSION = YES;
				CLANG_WARN_NON_LITERAL_NULL_CONVERSION = YES;
				CLANG_WARN_OBJC_IMPLICIT_RETAIN_SELF = YES;
				CLANG_WARN_OBJC_LITERAL_CONVERSION = YES;
				CLANG_WARN_OBJC_ROOT_CLASS = YES_ERROR;
				CLANG_WARN_QUOTED_INCLUDE_IN_FRAMEWORK_HEADER = YES;
				CLANG_WARN_RANGE_LOOP_ANALYSIS = YES;
				CLANG_WARN_STRICT_PROTOTYPES = YES;
				CLANG_WARN_SUSPICIOUS_MOVE = YES;
				CLANG_WARN_UNGUARDED_AVAILABILITY = YES_AGGRESSIVE;
				CLANG_WARN_UNREACHABLE_CODE = YES;
				CLANG_WARN__DUPLICATE_METHOD_MATCH = YES;
				COPY_PHASE_STRIP = NO;
				DEBUG_INFORMATION_FORMAT = "dwarf-with-dsym";
				ENABLE_NS_ASSERTIONS = NO;
				ENABLE_STRICT_OBJC_MSGSEND = YES;
				GCC_C_LANGUAGE_STANDARD = gnu11;
				GCC_NO_COMMON_BLOCKS = YES;
				GCC_WARN_64_TO_32_BIT_CONVERSION = YES;
				GCC_WARN_ABOUT_RETURN_TYPE = YES_ERROR;
				GCC_WARN_UNDECLARED_SELECTOR = YES;
				GCC_WARN_UNINITIALIZED_AUTOS = YES_AGGRESSIVE;
				GCC_WARN_UNUSED_FUNCTION = YES;
				GCC_WARN_UNUSED_VARIABLE = YES;
				IPHONEOS_DEPLOYMENT_TARGET = 14.4;
				MTL_ENABLE_DEBUG_INFO = NO;
				MTL_FAST_MATH = YES;
				SDKROOT = iphoneos;
				SWIFT_COMPILATION_MODE = wholemodule;
				SWIFT_OPTIMIZATION_LEVEL = "-O";
				VALIDATE_PRODUCT = YES;
			};
			name = Release;
		};
		D7FC2E5F2640989B0046A3DB /* Debug */ = {
			isa = XCBuildConfiguration;
			buildSettings = {
				ASSETCATALOG_COMPILER_APPICON_NAME = AppIcon;
				ASSETCATALOG_COMPILER_GLOBAL_ACCENT_COLOR_NAME = AccentColor;
				CODE_SIGN_STYLE = Automatic;
				DEVELOPMENT_TEAM = 3M9TNH7XM2;
				INFOPLIST_FILE = SwiftNetwork/Info.plist;
				LD_RUNPATH_SEARCH_PATHS = (
					"$(inherited)",
					"@executable_path/Frameworks",
				);
				PRODUCT_BUNDLE_IDENTIFIER = DevDev.SwiftNetwork;
				PRODUCT_NAME = "$(TARGET_NAME)";
				SWIFT_VERSION = 5.0;
				TARGETED_DEVICE_FAMILY = "1,2";
			};
			name = Debug;
		};
		D7FC2E602640989B0046A3DB /* Release */ = {
			isa = XCBuildConfiguration;
			buildSettings = {
				ASSETCATALOG_COMPILER_APPICON_NAME = AppIcon;
				ASSETCATALOG_COMPILER_GLOBAL_ACCENT_COLOR_NAME = AccentColor;
				CODE_SIGN_STYLE = Automatic;
				DEVELOPMENT_TEAM = 3M9TNH7XM2;
				INFOPLIST_FILE = SwiftNetwork/Info.plist;
				LD_RUNPATH_SEARCH_PATHS = (
					"$(inherited)",
					"@executable_path/Frameworks",
				);
				PRODUCT_BUNDLE_IDENTIFIER = DevDev.SwiftNetwork;
				PRODUCT_NAME = "$(TARGET_NAME)";
				SWIFT_VERSION = 5.0;
				TARGETED_DEVICE_FAMILY = "1,2";
			};
			name = Release;
		};
/* End XCBuildConfiguration section */

/* Begin XCConfigurationList section */
		D7FC2E45264098990046A3DB /* Build configuration list for PBXProject "SwiftNetwork" */ = {
			isa = XCConfigurationList;
			buildConfigurations = (
				D7FC2E5C2640989B0046A3DB /* Debug */,
				D7FC2E5D2640989B0046A3DB /* Release */,
			);
			defaultConfigurationIsVisible = 0;
			defaultConfigurationName = Release;
		};
		D7FC2E5E2640989B0046A3DB /* Build configuration list for PBXNativeTarget "SwiftNetwork" */ = {
			isa = XCConfigurationList;
			buildConfigurations = (
				D7FC2E5F2640989B0046A3DB /* Debug */,
				D7FC2E602640989B0046A3DB /* Release */,
			);
			defaultConfigurationIsVisible = 0;
			defaultConfigurationName = Release;
		};
/* End XCConfigurationList section */
	};
	rootObject = D7FC2E42264098990046A3DB /* Project object */;
}
